// !$*UTF8*$!
{
	archiveVersion = 1;
	classes = {
	};
	objectVersion = 46;
	objects = {

/* Begin PBXBuildFile section */
		0C6F81BC1F52BF7D003D428F /* CharacterExtensions.swift in Sources */ = {isa = PBXBuildFile; fileRef = 0C6F81971F52BF7D003D428F /* CharacterExtensions.swift */; };
		0C6F81BD1F52BF7D003D428F /* IntervalArrayExtensions.swift in Sources */ = {isa = PBXBuildFile; fileRef = 0C6F81981F52BF7D003D428F /* IntervalArrayExtensions.swift */; };
		0C6F81BE1F52BF7D003D428F /* StringExtensions.swift in Sources */ = {isa = PBXBuildFile; fileRef = 0C6F81991F52BF7D003D428F /* StringExtensions.swift */; };
		0C6F81BF1F52BF7D003D428F /* Info.plist in Resources */ = {isa = PBXBuildFile; fileRef = 0C6F819A1F52BF7D003D428F /* Info.plist */; };
		0C6F81C01F52BF7D003D428F /* Interval.swift in Sources */ = {isa = PBXBuildFile; fileRef = 0C6F819C1F52BF7D003D428F /* Interval.swift */; };
		0C6F81C11F52BF7D003D428F /* IntervalNode.swift in Sources */ = {isa = PBXBuildFile; fileRef = 0C6F819D1F52BF7D003D428F /* IntervalNode.swift */; };
		0C6F81C21F52BF7D003D428F /* IntervalTree.swift in Sources */ = {isa = PBXBuildFile; fileRef = 0C6F819E1F52BF7D003D428F /* IntervalTree.swift */; };
		0C6F81C31F52BF7D003D428F /* Emit.swift in Sources */ = {isa = PBXBuildFile; fileRef = 0C6F81A01F52BF7D003D428F /* Emit.swift */; };
		0C6F81C41F52BF7D003D428F /* FragmentToken.swift in Sources */ = {isa = PBXBuildFile; fileRef = 0C6F81A11F52BF7D003D428F /* FragmentToken.swift */; };
		0C6F81C51F52BF7D003D428F /* MatchToken.swift in Sources */ = {isa = PBXBuildFile; fileRef = 0C6F81A21F52BF7D003D428F /* MatchToken.swift */; };
		0C6F81C61F52BF7D003D428F /* State.swift in Sources */ = {isa = PBXBuildFile; fileRef = 0C6F81A31F52BF7D003D428F /* State.swift */; };
		0C6F81C71F52BF7D003D428F /* Token.swift in Sources */ = {isa = PBXBuildFile; fileRef = 0C6F81A41F52BF7D003D428F /* Token.swift */; };
		0C6F81C81F52BF7D003D428F /* Trie.swift in Sources */ = {isa = PBXBuildFile; fileRef = 0C6F81A51F52BF7D003D428F /* Trie.swift */; };
		0C6F81C91F52BF7D003D428F /* TrieConfig.swift in Sources */ = {isa = PBXBuildFile; fileRef = 0C6F81A61F52BF7D003D428F /* TrieConfig.swift */; };
		0C6F81CA1F52BF7D003D428F /* FIError.m in Sources */ = {isa = PBXBuildFile; fileRef = 0C6F81A91F52BF7D003D428F /* FIError.m */; };
		0C6F81CB1F52BF7D003D428F /* FISampleBuffer.m in Sources */ = {isa = PBXBuildFile; fileRef = 0C6F81AB1F52BF7D003D428F /* FISampleBuffer.m */; };
		0C6F81CD1F52BF7D003D428F /* FISampleDecoder.m in Sources */ = {isa = PBXBuildFile; fileRef = 0C6F81AE1F52BF7D003D428F /* FISampleDecoder.m */; };
		0C6F81CF1F52BF7D003D428F /* FISampleFormat.m in Sources */ = {isa = PBXBuildFile; fileRef = 0C6F81B11F52BF7D003D428F /* FISampleFormat.m */; };
		0C6F81D01F52BF7D003D428F /* FISound.m in Sources */ = {isa = PBXBuildFile; fileRef = 0C6F81B31F52BF7D003D428F /* FISound.m */; };
		0C6F81D11F52BF7D003D428F /* FISoundContext.m in Sources */ = {isa = PBXBuildFile; fileRef = 0C6F81B51F52BF7D003D428F /* FISoundContext.m */; };
		0C6F81D21F52BF7D003D428F /* FISoundDevice.m in Sources */ = {isa = PBXBuildFile; fileRef = 0C6F81B71F52BF7D003D428F /* FISoundDevice.m */; };
		0C6F81D31F52BF7D003D428F /* FISoundEngine.m in Sources */ = {isa = PBXBuildFile; fileRef = 0C6F81B91F52BF7D003D428F /* FISoundEngine.m */; };
		0C6F81D41F52BF7D003D428F /* FISoundSource.m in Sources */ = {isa = PBXBuildFile; fileRef = 0C6F81BB1F52BF7D003D428F /* FISoundSource.m */; };
		0C6F82301F52BFB0003D428F /* vim_wq.wav in Resources */ = {isa = PBXBuildFile; fileRef = 0C6F81D71F52BFB0003D428F /* vim_wq.wav */; };
		0C6F82311F52BFB0003D428F /* wq.wav in Resources */ = {isa = PBXBuildFile; fileRef = 0C6F81D81F52BFB0003D428F /* wq.wav */; };
		0C6F82321F52BFB0003D428F /* exit.wav in Resources */ = {isa = PBXBuildFile; fileRef = 0C6F81DA1F52BFB0003D428F /* exit.wav */; };
		0C6F82331F52BFB0003D428F /* force-push.wav in Resources */ = {isa = PBXBuildFile; fileRef = 0C6F81DB1F52BFB0003D428F /* force-push.wav */; };
		0C6F82341F52BFB0003D428F /* git.wav in Resources */ = {isa = PBXBuildFile; fileRef = 0C6F81DC1F52BFB0003D428F /* git.wav */; };
		0C6F82351F52BFB0003D428F /* git_add.wav in Resources */ = {isa = PBXBuildFile; fileRef = 0C6F81DD1F52BFB0003D428F /* git_add.wav */; };
		0C6F82361F52BFB0003D428F /* git_clone.wav in Resources */ = {isa = PBXBuildFile; fileRef = 0C6F81DE1F52BFB0003D428F /* git_clone.wav */; };
		0C6F82371F52BFB0003D428F /* git_commit.wav in Resources */ = {isa = PBXBuildFile; fileRef = 0C6F81DF1F52BFB0003D428F /* git_commit.wav */; };
		0C6F82381F52BFB0003D428F /* git_push.wav in Resources */ = {isa = PBXBuildFile; fileRef = 0C6F81E01F52BFB0003D428F /* git_push.wav */; };
		0C6F82391F52BFB0003D428F /* keyboard.wav in Resources */ = {isa = PBXBuildFile; fileRef = 0C6F81E21F52BFB0003D428F /* keyboard.wav */; };
		0C6F823A1F52BFB0003D428F /* keyboard1.wav in Resources */ = {isa = PBXBuildFile; fileRef = 0C6F81E31F52BFB0003D428F /* keyboard1.wav */; };
		0C6F823B1F52BFB0003D428F /* hello_world.wav in Resources */ = {isa = PBXBuildFile; fileRef = 0C6F81E51F52BFB0003D428F /* hello_world.wav */; };
		0C6F823C1F52BFB0003D428F /* p1.wav in Resources */ = {isa = PBXBuildFile; fileRef = 0C6F81E71F52BFB0003D428F /* p1.wav */; };
		0C6F823D1F52BFB0003D428F /* p10.wav in Resources */ = {isa = PBXBuildFile; fileRef = 0C6F81E81F52BFB0003D428F /* p10.wav */; };
		0C6F823E1F52BFB0003D428F /* p2.wav in Resources */ = {isa = PBXBuildFile; fileRef = 0C6F81E91F52BFB0003D428F /* p2.wav */; };
		0C6F823F1F52BFB0003D428F /* p3.wav in Resources */ = {isa = PBXBuildFile; fileRef = 0C6F81EA1F52BFB0003D428F /* p3.wav */; };
		0C6F82401F52BFB0003D428F /* p4.wav in Resources */ = {isa = PBXBuildFile; fileRef = 0C6F81EB1F52BFB0003D428F /* p4.wav */; };
		0C6F82411F52BFB0003D428F /* p5.wav in Resources */ = {isa = PBXBuildFile; fileRef = 0C6F81EC1F52BFB0003D428F /* p5.wav */; };
		0C6F82421F52BFB0003D428F /* p6.wav in Resources */ = {isa = PBXBuildFile; fileRef = 0C6F81ED1F52BFB0003D428F /* p6.wav */; };
		0C6F82431F52BFB0003D428F /* p7.wav in Resources */ = {isa = PBXBuildFile; fileRef = 0C6F81EE1F52BFB0003D428F /* p7.wav */; };
		0C6F82441F52BFB0003D428F /* p8.wav in Resources */ = {isa = PBXBuildFile; fileRef = 0C6F81EF1F52BFB0003D428F /* p8.wav */; };
		0C6F82451F52BFB0003D428F /* p9.wav in Resources */ = {isa = PBXBuildFile; fileRef = 0C6F81F01F52BFB0003D428F /* p9.wav */; };
		0C6F82461F52BFB0003D428F /* 0.wav in Resources */ = {isa = PBXBuildFile; fileRef = 0C6F81F21F52BFB0003D428F /* 0.wav */; };
		0C6F82471F52BFB0003D428F /* 1.wav in Resources */ = {isa = PBXBuildFile; fileRef = 0C6F81F31F52BFB0003D428F /* 1.wav */; };
		0C6F82481F52BFB0003D428F /* 2.wav in Resources */ = {isa = PBXBuildFile; fileRef = 0C6F81F41F52BFB0003D428F /* 2.wav */; };
		0C6F82491F52BFB0003D428F /* 3.wav in Resources */ = {isa = PBXBuildFile; fileRef = 0C6F81F51F52BFB0003D428F /* 3.wav */; };
		0C6F824A1F52BFB0003D428F /* 4.wav in Resources */ = {isa = PBXBuildFile; fileRef = 0C6F81F61F52BFB0003D428F /* 4.wav */; };
		0C6F824B1F52BFB0003D428F /* 5.wav in Resources */ = {isa = PBXBuildFile; fileRef = 0C6F81F71F52BFB0003D428F /* 5.wav */; };
		0C6F824C1F52BFB0003D428F /* 6.wav in Resources */ = {isa = PBXBuildFile; fileRef = 0C6F81F81F52BFB0003D428F /* 6.wav */; };
		0C6F824D1F52BFB0003D428F /* 7.wav in Resources */ = {isa = PBXBuildFile; fileRef = 0C6F81F91F52BFB0003D428F /* 7.wav */; };
		0C6F824E1F52BFB0003D428F /* 8.wav in Resources */ = {isa = PBXBuildFile; fileRef = 0C6F81FA1F52BFB0003D428F /* 8.wav */; };
		0C6F824F1F52BFB0003D428F /* 9.wav in Resources */ = {isa = PBXBuildFile; fileRef = 0C6F81FB1F52BFB0003D428F /* 9.wav */; };
		0C6F82501F52BFB0003D428F /* A.wav in Resources */ = {isa = PBXBuildFile; fileRef = 0C6F81FC1F52BFB0003D428F /* A.wav */; };
		0C6F82511F52BFB0003D428F /* B.wav in Resources */ = {isa = PBXBuildFile; fileRef = 0C6F81FD1F52BFB0003D428F /* B.wav */; };
		0C6F82521F52BFB0003D428F /* C.wav in Resources */ = {isa = PBXBuildFile; fileRef = 0C6F81FE1F52BFB0003D428F /* C.wav */; };
		0C6F82531F52BFB0003D428F /* D.wav in Resources */ = {isa = PBXBuildFile; fileRef = 0C6F81FF1F52BFB0003D428F /* D.wav */; };
		0C6F82541F52BFB0003D428F /* E.wav in Resources */ = {isa = PBXBuildFile; fileRef = 0C6F82001F52BFB0003D428F /* E.wav */; };
		0C6F82551F52BFB0003D428F /* F.wav in Resources */ = {isa = PBXBuildFile; fileRef = 0C6F82011F52BFB0003D428F /* F.wav */; };
		0C6F82561F52BFB0003D428F /* G.wav in Resources */ = {isa = PBXBuildFile; fileRef = 0C6F82021F52BFB0003D428F /* G.wav */; };
		0C6F82571F52BFB0003D428F /* H.wav in Resources */ = {isa = PBXBuildFile; fileRef = 0C6F82031F52BFB0003D428F /* H.wav */; };
		0C6F82581F52BFB0003D428F /* I.wav in Resources */ = {isa = PBXBuildFile; fileRef = 0C6F82041F52BFB0003D428F /* I.wav */; };
		0C6F82591F52BFB0003D428F /* J.wav in Resources */ = {isa = PBXBuildFile; fileRef = 0C6F82051F52BFB0003D428F /* J.wav */; };
		0C6F825A1F52BFB0003D428F /* K.wav in Resources */ = {isa = PBXBuildFile; fileRef = 0C6F82061F52BFB0003D428F /* K.wav */; };
		0C6F825B1F52BFB0003D428F /* L.wav in Resources */ = {isa = PBXBuildFile; fileRef = 0C6F82071F52BFB0003D428F /* L.wav */; };
		0C6F825C1F52BFB0003D428F /* M.wav in Resources */ = {isa = PBXBuildFile; fileRef = 0C6F82081F52BFB0003D428F /* M.wav */; };
		0C6F825D1F52BFB0003D428F /* N.wav in Resources */ = {isa = PBXBuildFile; fileRef = 0C6F82091F52BFB0003D428F /* N.wav */; };
		0C6F825E1F52BFB0003D428F /* O.wav in Resources */ = {isa = PBXBuildFile; fileRef = 0C6F820A1F52BFB0003D428F /* O.wav */; };
		0C6F825F1F52BFB0003D428F /* P.wav in Resources */ = {isa = PBXBuildFile; fileRef = 0C6F820B1F52BFB0003D428F /* P.wav */; };
		0C6F82601F52BFB0003D428F /* Q.wav in Resources */ = {isa = PBXBuildFile; fileRef = 0C6F820C1F52BFB0003D428F /* Q.wav */; };
		0C6F82611F52BFB0003D428F /* R.wav in Resources */ = {isa = PBXBuildFile; fileRef = 0C6F820D1F52BFB0003D428F /* R.wav */; };
		0C6F82621F52BFB0003D428F /* S.wav in Resources */ = {isa = PBXBuildFile; fileRef = 0C6F820E1F52BFB0003D428F /* S.wav */; };
		0C6F82631F52BFB0003D428F /* T.wav in Resources */ = {isa = PBXBuildFile; fileRef = 0C6F820F1F52BFB0003D428F /* T.wav */; };
		0C6F82641F52BFB0003D428F /* U.wav in Resources */ = {isa = PBXBuildFile; fileRef = 0C6F82101F52BFB0003D428F /* U.wav */; };
		0C6F82651F52BFB0003D428F /* V.wav in Resources */ = {isa = PBXBuildFile; fileRef = 0C6F82111F52BFB0003D428F /* V.wav */; };
		0C6F82661F52BFB0003D428F /* W.wav in Resources */ = {isa = PBXBuildFile; fileRef = 0C6F82121F52BFB0003D428F /* W.wav */; };
		0C6F82671F52BFB0003D428F /* X.wav in Resources */ = {isa = PBXBuildFile; fileRef = 0C6F82131F52BFB0003D428F /* X.wav */; };
		0C6F82681F52BFB0003D428F /* Y.wav in Resources */ = {isa = PBXBuildFile; fileRef = 0C6F82141F52BFB0003D428F /* Y.wav */; };
		0C6F82691F52BFB0003D428F /* Z.wav in Resources */ = {isa = PBXBuildFile; fileRef = 0C6F82151F52BFB0003D428F /* Z.wav */; };
		0C6F826A1F52BFB0003D428F /* b1.wav in Resources */ = {isa = PBXBuildFile; fileRef = 0C6F82171F52BFB0003D428F /* b1.wav */; };
		0C6F826B1F52BFB0003D428F /* b10.wav in Resources */ = {isa = PBXBuildFile; fileRef = 0C6F82181F52BFB0003D428F /* b10.wav */; };
		0C6F826C1F52BFB0003D428F /* b11.wav in Resources */ = {isa = PBXBuildFile; fileRef = 0C6F82191F52BFB0003D428F /* b11.wav */; };
		0C6F826D1F52BFB0003D428F /* b12.wav in Resources */ = {isa = PBXBuildFile; fileRef = 0C6F821A1F52BFB0003D428F /* b12.wav */; };
		0C6F826E1F52BFB0003D428F /* b13.wav in Resources */ = {isa = PBXBuildFile; fileRef = 0C6F821B1F52BFB0003D428F /* b13.wav */; };
		0C6F826F1F52BFB0003D428F /* b14.wav in Resources */ = {isa = PBXBuildFile; fileRef = 0C6F821C1F52BFB0003D428F /* b14.wav */; };
		0C6F82701F52BFB0003D428F /* b15.wav in Resources */ = {isa = PBXBuildFile; fileRef = 0C6F821D1F52BFB0003D428F /* b15.wav */; };
		0C6F82711F52BFB0003D428F /* b16.wav in Resources */ = {isa = PBXBuildFile; fileRef = 0C6F821E1F52BFB0003D428F /* b16.wav */; };
		0C6F82721F52BFB0003D428F /* b17.wav in Resources */ = {isa = PBXBuildFile; fileRef = 0C6F821F1F52BFB0003D428F /* b17.wav */; };
		0C6F82731F52BFB0003D428F /* b18.wav in Resources */ = {isa = PBXBuildFile; fileRef = 0C6F82201F52BFB0003D428F /* b18.wav */; };
		0C6F82741F52BFB0003D428F /* b19.wav in Resources */ = {isa = PBXBuildFile; fileRef = 0C6F82211F52BFB0003D428F /* b19.wav */; };
		0C6F82751F52BFB0003D428F /* b2.wav in Resources */ = {isa = PBXBuildFile; fileRef = 0C6F82221F52BFB0003D428F /* b2.wav */; };
		0C6F82761F52BFB0003D428F /* b20.wav in Resources */ = {isa = PBXBuildFile; fileRef = 0C6F82231F52BFB0003D428F /* b20.wav */; };
		0C6F82771F52BFB0003D428F /* b21.wav in Resources */ = {isa = PBXBuildFile; fileRef = 0C6F82241F52BFB0003D428F /* b21.wav */; };
		0C6F82781F52BFB0003D428F /* b22.wav in Resources */ = {isa = PBXBuildFile; fileRef = 0C6F82251F52BFB0003D428F /* b22.wav */; };
		0C6F82791F52BFB0003D428F /* b23.wav in Resources */ = {isa = PBXBuildFile; fileRef = 0C6F82261F52BFB0003D428F /* b23.wav */; };
		0C6F827A1F52BFB0003D428F /* b24.wav in Resources */ = {isa = PBXBuildFile; fileRef = 0C6F82271F52BFB0003D428F /* b24.wav */; };
		0C6F827B1F52BFB0003D428F /* b25.wav in Resources */ = {isa = PBXBuildFile; fileRef = 0C6F82281F52BFB0003D428F /* b25.wav */; };
		0C6F827C1F52BFB0003D428F /* b3.wav in Resources */ = {isa = PBXBuildFile; fileRef = 0C6F82291F52BFB0003D428F /* b3.wav */; };
		0C6F827D1F52BFB0003D428F /* b4.wav in Resources */ = {isa = PBXBuildFile; fileRef = 0C6F822A1F52BFB0003D428F /* b4.wav */; };
		0C6F827E1F52BFB0003D428F /* b5.wav in Resources */ = {isa = PBXBuildFile; fileRef = 0C6F822B1F52BFB0003D428F /* b5.wav */; };
		0C6F827F1F52BFB0003D428F /* b6.wav in Resources */ = {isa = PBXBuildFile; fileRef = 0C6F822C1F52BFB0003D428F /* b6.wav */; };
		0C6F82801F52BFB0003D428F /* b7.wav in Resources */ = {isa = PBXBuildFile; fileRef = 0C6F822D1F52BFB0003D428F /* b7.wav */; };
		0C6F82811F52BFB0003D428F /* b8.wav in Resources */ = {isa = PBXBuildFile; fileRef = 0C6F822E1F52BFB0003D428F /* b8.wav */; };
		0C6F82821F52BFB0003D428F /* b9.wav in Resources */ = {isa = PBXBuildFile; fileRef = 0C6F822F1F52BFB0003D428F /* b9.wav */; };
		0C6F82861F52BFB9003D428F /* MFCharacterEventManager.swift in Sources */ = {isa = PBXBuildFile; fileRef = 0C6F82841F52BFB9003D428F /* MFCharacterEventManager.swift */; };
		0C6F82871F52BFB9003D428F /* MFKeyboardEventManager.swift in Sources */ = {isa = PBXBuildFile; fileRef = 0C6F82851F52BFB9003D428F /* MFKeyboardEventManager.swift */; };
		0C6F82911F52BFF9003D428F /* MFOutputEvent.swift in Sources */ = {isa = PBXBuildFile; fileRef = 0C6F82891F52BFF9003D428F /* MFOutputEvent.swift */; };
		0C6F82921F52BFF9003D428F /* MFOutputManager.swift in Sources */ = {isa = PBXBuildFile; fileRef = 0C6F828A1F52BFF9003D428F /* MFOutputManager.swift */; };
		0C6F82931F52BFF9003D428F /* MFPentatonicOutputEvent.swift in Sources */ = {isa = PBXBuildFile; fileRef = 0C6F828B1F52BFF9003D428F /* MFPentatonicOutputEvent.swift */; };
		0C6F82941F52BFF9003D428F /* MFSoundOutputEvent.swift in Sources */ = {isa = PBXBuildFile; fileRef = 0C6F828C1F52BFF9003D428F /* MFSoundOutputEvent.swift */; };
		0C6F82951F52BFF9003D428F /* MFSoundPlayer.swift in Sources */ = {isa = PBXBuildFile; fileRef = 0C6F828D1F52BFF9003D428F /* MFSoundPlayer.swift */; };
		0C6F82961F52BFF9003D428F /* MFSynthesizer.swift in Sources */ = {isa = PBXBuildFile; fileRef = 0C6F828E1F52BFF9003D428F /* MFSynthesizer.swift */; };
		0C6F82971F52BFF9003D428F /* MFSynthesizerOutputEvent.swift in Sources */ = {isa = PBXBuildFile; fileRef = 0C6F828F1F52BFF9003D428F /* MFSynthesizerOutputEvent.swift */; };
		0C6F82981F52BFFA003D428F /* MFXWLBOutputEvent.swift in Sources */ = {isa = PBXBuildFile; fileRef = 0C6F82901F52BFF9003D428F /* MFXWLBOutputEvent.swift */; };
		0C6F829B1F52C091003D428F /* MFConfigManager.swift in Sources */ = {isa = PBXBuildFile; fileRef = 0C6F829A1F52C091003D428F /* MFConfigManager.swift */; };
		0C6F82A61F52C095003D428F /* command-line.plist in Resources */ = {isa = PBXBuildFile; fileRef = 0C6F829D1F52C095003D428F /* command-line.plist */; };
		0C6F82A71F52C095003D428F /* default-config.plist in Resources */ = {isa = PBXBuildFile; fileRef = 0C6F829E1F52C095003D428F /* default-config.plist */; };
		0C6F82A81F52C095003D428F /* easter-eggs.plist in Resources */ = {isa = PBXBuildFile; fileRef = 0C6F829F1F52C095003D428F /* easter-eggs.plist */; };
		0C6F82A91F52C095003D428F /* git.plist in Resources */ = {isa = PBXBuildFile; fileRef = 0C6F82A01F52C095003D428F /* git.plist */; };
		0C6F82AA1F52C095003D428F /* mechanical-keyboard.plist in Resources */ = {isa = PBXBuildFile; fileRef = 0C6F82A11F52C095003D428F /* mechanical-keyboard.plist */; };
		0C6F82AB1F52C095003D428F /* midi.plist in Resources */ = {isa = PBXBuildFile; fileRef = 0C6F82A21F52C095003D428F /* midi.plist */; };
		0C6F82AC1F52C095003D428F /* pentatonic.plist in Resources */ = {isa = PBXBuildFile; fileRef = 0C6F82A31F52C095003D428F /* pentatonic.plist */; };
		0C6F82AD1F52C095003D428F /* voice.plist in Resources */ = {isa = PBXBuildFile; fileRef = 0C6F82A41F52C095003D428F /* voice.plist */; };
		0C6F82AE1F52C095003D428F /* xwlb.plist in Resources */ = {isa = PBXBuildFile; fileRef = 0C6F82A51F52C095003D428F /* xwlb.plist */; };
		0C6F82B11F52C0A2003D428F /* MFBuffer.swift in Sources */ = {isa = PBXBuildFile; fileRef = 0C6F82B01F52C0A2003D428F /* MFBuffer.swift */; };
		0C6F82B71F52C0EC003D428F /* AppDelegate.swift in Sources */ = {isa = PBXBuildFile; fileRef = 0C6F82B31F52C0EC003D428F /* AppDelegate.swift */; };
		0C6F82B81F52C0EC003D428F /* MFKeycodeMapping.swift in Sources */ = {isa = PBXBuildFile; fileRef = 0C6F82B41F52C0EC003D428F /* MFKeycodeMapping.swift */; };
		0C6F82B91F52C0EC003D428F /* ViewController.swift in Sources */ = {isa = PBXBuildFile; fileRef = 0C6F82B61F52C0EC003D428F /* ViewController.swift */; };
		0C6F82BE1F52C119003D428F /* MFRule.swift in Sources */ = {isa = PBXBuildFile; fileRef = 0C6F82BC1F52C119003D428F /* MFRule.swift */; };
		0C6F82BF1F52C119003D428F /* MFRuleItem.swift in Sources */ = {isa = PBXBuildFile; fileRef = 0C6F82BD1F52C119003D428F /* MFRuleItem.swift */; };
		0C6F82C21F52C129003D428F /* MFProcessor.swift in Sources */ = {isa = PBXBuildFile; fileRef = 0C6F82C11F52C129003D428F /* MFProcessor.swift */; };
		0C6F82C41F52C1B2003D428F /* MFAccessManager.swift in Sources */ = {isa = PBXBuildFile; fileRef = 0C6F82C31F52C1B2003D428F /* MFAccessManager.swift */; };
		0C7E881C1F528D6700A80E32 /* MFMenuItem.swift in Sources */ = {isa = PBXBuildFile; fileRef = 0C7E881B1F528D6700A80E32 /* MFMenuItem.swift */; };
		626BF1B61F46B8FE00EDDD05 /* Assets.xcassets in Resources */ = {isa = PBXBuildFile; fileRef = 626BF1B51F46B8FE00EDDD05 /* Assets.xcassets */; };
		626BF1B91F46B8FE00EDDD05 /* Main.storyboard in Resources */ = {isa = PBXBuildFile; fileRef = 626BF1B71F46B8FE00EDDD05 /* Main.storyboard */; };
/* End PBXBuildFile section */

/* Begin PBXFileReference section */
		0C6F81951F52BF7D003D428F /* Aho-Corasick-Swift.h */ = {isa = PBXFileReference; fileEncoding = 4; lastKnownFileType = sourcecode.c.h; path = "Aho-Corasick-Swift.h"; sourceTree = "<group>"; };
		0C6F81971F52BF7D003D428F /* CharacterExtensions.swift */ = {isa = PBXFileReference; fileEncoding = 4; lastKnownFileType = sourcecode.swift; path = CharacterExtensions.swift; sourceTree = "<group>"; };
		0C6F81981F52BF7D003D428F /* IntervalArrayExtensions.swift */ = {isa = PBXFileReference; fileEncoding = 4; lastKnownFileType = sourcecode.swift; path = IntervalArrayExtensions.swift; sourceTree = "<group>"; };
		0C6F81991F52BF7D003D428F /* StringExtensions.swift */ = {isa = PBXFileReference; fileEncoding = 4; lastKnownFileType = sourcecode.swift; path = StringExtensions.swift; sourceTree = "<group>"; };
		0C6F819A1F52BF7D003D428F /* Info.plist */ = {isa = PBXFileReference; fileEncoding = 4; lastKnownFileType = text.plist.xml; path = Info.plist; sourceTree = "<group>"; };
		0C6F819C1F52BF7D003D428F /* Interval.swift */ = {isa = PBXFileReference; fileEncoding = 4; lastKnownFileType = sourcecode.swift; path = Interval.swift; sourceTree = "<group>"; };
		0C6F819D1F52BF7D003D428F /* IntervalNode.swift */ = {isa = PBXFileReference; fileEncoding = 4; lastKnownFileType = sourcecode.swift; path = IntervalNode.swift; sourceTree = "<group>"; };
		0C6F819E1F52BF7D003D428F /* IntervalTree.swift */ = {isa = PBXFileReference; fileEncoding = 4; lastKnownFileType = sourcecode.swift; path = IntervalTree.swift; sourceTree = "<group>"; };
		0C6F81A01F52BF7D003D428F /* Emit.swift */ = {isa = PBXFileReference; fileEncoding = 4; lastKnownFileType = sourcecode.swift; path = Emit.swift; sourceTree = "<group>"; };
		0C6F81A11F52BF7D003D428F /* FragmentToken.swift */ = {isa = PBXFileReference; fileEncoding = 4; lastKnownFileType = sourcecode.swift; path = FragmentToken.swift; sourceTree = "<group>"; };
		0C6F81A21F52BF7D003D428F /* MatchToken.swift */ = {isa = PBXFileReference; fileEncoding = 4; lastKnownFileType = sourcecode.swift; path = MatchToken.swift; sourceTree = "<group>"; };
		0C6F81A31F52BF7D003D428F /* State.swift */ = {isa = PBXFileReference; fileEncoding = 4; lastKnownFileType = sourcecode.swift; path = State.swift; sourceTree = "<group>"; };
		0C6F81A41F52BF7D003D428F /* Token.swift */ = {isa = PBXFileReference; fileEncoding = 4; lastKnownFileType = sourcecode.swift; path = Token.swift; sourceTree = "<group>"; };
		0C6F81A51F52BF7D003D428F /* Trie.swift */ = {isa = PBXFileReference; fileEncoding = 4; lastKnownFileType = sourcecode.swift; path = Trie.swift; sourceTree = "<group>"; };
		0C6F81A61F52BF7D003D428F /* TrieConfig.swift */ = {isa = PBXFileReference; fileEncoding = 4; lastKnownFileType = sourcecode.swift; path = TrieConfig.swift; sourceTree = "<group>"; };
		0C6F81A81F52BF7D003D428F /* FIError.h */ = {isa = PBXFileReference; fileEncoding = 4; lastKnownFileType = sourcecode.c.h; path = FIError.h; sourceTree = "<group>"; };
		0C6F81A91F52BF7D003D428F /* FIError.m */ = {isa = PBXFileReference; fileEncoding = 4; lastKnownFileType = sourcecode.c.objc; path = FIError.m; sourceTree = "<group>"; };
		0C6F81AA1F52BF7D003D428F /* FISampleBuffer.h */ = {isa = PBXFileReference; fileEncoding = 4; lastKnownFileType = sourcecode.c.h; path = FISampleBuffer.h; sourceTree = "<group>"; };
		0C6F81AB1F52BF7D003D428F /* FISampleBuffer.m */ = {isa = PBXFileReference; fileEncoding = 4; lastKnownFileType = sourcecode.c.objc; path = FISampleBuffer.m; sourceTree = "<group>"; };
		0C6F81AD1F52BF7D003D428F /* FISampleDecoder.h */ = {isa = PBXFileReference; fileEncoding = 4; lastKnownFileType = sourcecode.c.h; path = FISampleDecoder.h; sourceTree = "<group>"; };
		0C6F81AE1F52BF7D003D428F /* FISampleDecoder.m */ = {isa = PBXFileReference; fileEncoding = 4; lastKnownFileType = sourcecode.c.objc; path = FISampleDecoder.m; sourceTree = "<group>"; };
		0C6F81B01F52BF7D003D428F /* FISampleFormat.h */ = {isa = PBXFileReference; fileEncoding = 4; lastKnownFileType = sourcecode.c.h; path = FISampleFormat.h; sourceTree = "<group>"; };
		0C6F81B11F52BF7D003D428F /* FISampleFormat.m */ = {isa = PBXFileReference; fileEncoding = 4; lastKnownFileType = sourcecode.c.objc; path = FISampleFormat.m; sourceTree = "<group>"; };
		0C6F81B21F52BF7D003D428F /* FISound.h */ = {isa = PBXFileReference; fileEncoding = 4; lastKnownFileType = sourcecode.c.h; path = FISound.h; sourceTree = "<group>"; };
		0C6F81B31F52BF7D003D428F /* FISound.m */ = {isa = PBXFileReference; fileEncoding = 4; lastKnownFileType = sourcecode.c.objc; path = FISound.m; sourceTree = "<group>"; };
		0C6F81B41F52BF7D003D428F /* FISoundContext.h */ = {isa = PBXFileReference; fileEncoding = 4; lastKnownFileType = sourcecode.c.h; path = FISoundContext.h; sourceTree = "<group>"; };
		0C6F81B51F52BF7D003D428F /* FISoundContext.m */ = {isa = PBXFileReference; fileEncoding = 4; lastKnownFileType = sourcecode.c.objc; path = FISoundContext.m; sourceTree = "<group>"; };
		0C6F81B61F52BF7D003D428F /* FISoundDevice.h */ = {isa = PBXFileReference; fileEncoding = 4; lastKnownFileType = sourcecode.c.h; path = FISoundDevice.h; sourceTree = "<group>"; };
		0C6F81B71F52BF7D003D428F /* FISoundDevice.m */ = {isa = PBXFileReference; fileEncoding = 4; lastKnownFileType = sourcecode.c.objc; path = FISoundDevice.m; sourceTree = "<group>"; };
		0C6F81B81F52BF7D003D428F /* FISoundEngine.h */ = {isa = PBXFileReference; fileEncoding = 4; lastKnownFileType = sourcecode.c.h; path = FISoundEngine.h; sourceTree = "<group>"; };
		0C6F81B91F52BF7D003D428F /* FISoundEngine.m */ = {isa = PBXFileReference; fileEncoding = 4; lastKnownFileType = sourcecode.c.objc; path = FISoundEngine.m; sourceTree = "<group>"; };
		0C6F81BA1F52BF7D003D428F /* FISoundSource.h */ = {isa = PBXFileReference; fileEncoding = 4; lastKnownFileType = sourcecode.c.h; path = FISoundSource.h; sourceTree = "<group>"; };
		0C6F81BB1F52BF7D003D428F /* FISoundSource.m */ = {isa = PBXFileReference; fileEncoding = 4; lastKnownFileType = sourcecode.c.objc; path = FISoundSource.m; sourceTree = "<group>"; };
		0C6F81D71F52BFB0003D428F /* vim_wq.wav */ = {isa = PBXFileReference; lastKnownFileType = audio.wav; path = vim_wq.wav; sourceTree = "<group>"; };
		0C6F81D81F52BFB0003D428F /* wq.wav */ = {isa = PBXFileReference; lastKnownFileType = audio.wav; path = wq.wav; sourceTree = "<group>"; };
		0C6F81DA1F52BFB0003D428F /* exit.wav */ = {isa = PBXFileReference; lastKnownFileType = audio.wav; path = exit.wav; sourceTree = "<group>"; };
		0C6F81DB1F52BFB0003D428F /* force-push.wav */ = {isa = PBXFileReference; lastKnownFileType = audio.wav; path = "force-push.wav"; sourceTree = "<group>"; };
		0C6F81DC1F52BFB0003D428F /* git.wav */ = {isa = PBXFileReference; lastKnownFileType = audio.wav; path = git.wav; sourceTree = "<group>"; };
		0C6F81DD1F52BFB0003D428F /* git_add.wav */ = {isa = PBXFileReference; lastKnownFileType = audio.wav; path = git_add.wav; sourceTree = "<group>"; };
		0C6F81DE1F52BFB0003D428F /* git_clone.wav */ = {isa = PBXFileReference; lastKnownFileType = audio.wav; path = git_clone.wav; sourceTree = "<group>"; };
		0C6F81DF1F52BFB0003D428F /* git_commit.wav */ = {isa = PBXFileReference; lastKnownFileType = audio.wav; path = git_commit.wav; sourceTree = "<group>"; };
		0C6F81E01F52BFB0003D428F /* git_push.wav */ = {isa = PBXFileReference; lastKnownFileType = audio.wav; path = git_push.wav; sourceTree = "<group>"; };
		0C6F81E21F52BFB0003D428F /* keyboard.wav */ = {isa = PBXFileReference; lastKnownFileType = audio.wav; path = keyboard.wav; sourceTree = "<group>"; };
		0C6F81E31F52BFB0003D428F /* keyboard1.wav */ = {isa = PBXFileReference; lastKnownFileType = audio.wav; path = keyboard1.wav; sourceTree = "<group>"; };
		0C6F81E51F52BFB0003D428F /* hello_world.wav */ = {isa = PBXFileReference; lastKnownFileType = audio.wav; path = hello_world.wav; sourceTree = "<group>"; };
		0C6F81E71F52BFB0003D428F /* p1.wav */ = {isa = PBXFileReference; lastKnownFileType = audio.wav; path = p1.wav; sourceTree = "<group>"; };
		0C6F81E81F52BFB0003D428F /* p10.wav */ = {isa = PBXFileReference; lastKnownFileType = audio.wav; path = p10.wav; sourceTree = "<group>"; };
		0C6F81E91F52BFB0003D428F /* p2.wav */ = {isa = PBXFileReference; lastKnownFileType = audio.wav; path = p2.wav; sourceTree = "<group>"; };
		0C6F81EA1F52BFB0003D428F /* p3.wav */ = {isa = PBXFileReference; lastKnownFileType = audio.wav; path = p3.wav; sourceTree = "<group>"; };
		0C6F81EB1F52BFB0003D428F /* p4.wav */ = {isa = PBXFileReference; lastKnownFileType = audio.wav; path = p4.wav; sourceTree = "<group>"; };
		0C6F81EC1F52BFB0003D428F /* p5.wav */ = {isa = PBXFileReference; lastKnownFileType = audio.wav; path = p5.wav; sourceTree = "<group>"; };
		0C6F81ED1F52BFB0003D428F /* p6.wav */ = {isa = PBXFileReference; lastKnownFileType = audio.wav; path = p6.wav; sourceTree = "<group>"; };
		0C6F81EE1F52BFB0003D428F /* p7.wav */ = {isa = PBXFileReference; lastKnownFileType = audio.wav; path = p7.wav; sourceTree = "<group>"; };
		0C6F81EF1F52BFB0003D428F /* p8.wav */ = {isa = PBXFileReference; lastKnownFileType = audio.wav; path = p8.wav; sourceTree = "<group>"; };
		0C6F81F01F52BFB0003D428F /* p9.wav */ = {isa = PBXFileReference; lastKnownFileType = audio.wav; path = p9.wav; sourceTree = "<group>"; };
		0C6F81F21F52BFB0003D428F /* 0.wav */ = {isa = PBXFileReference; lastKnownFileType = audio.wav; path = 0.wav; sourceTree = "<group>"; };
		0C6F81F31F52BFB0003D428F /* 1.wav */ = {isa = PBXFileReference; lastKnownFileType = audio.wav; path = 1.wav; sourceTree = "<group>"; };
		0C6F81F41F52BFB0003D428F /* 2.wav */ = {isa = PBXFileReference; lastKnownFileType = audio.wav; path = 2.wav; sourceTree = "<group>"; };
		0C6F81F51F52BFB0003D428F /* 3.wav */ = {isa = PBXFileReference; lastKnownFileType = audio.wav; path = 3.wav; sourceTree = "<group>"; };
		0C6F81F61F52BFB0003D428F /* 4.wav */ = {isa = PBXFileReference; lastKnownFileType = audio.wav; path = 4.wav; sourceTree = "<group>"; };
		0C6F81F71F52BFB0003D428F /* 5.wav */ = {isa = PBXFileReference; lastKnownFileType = audio.wav; path = 5.wav; sourceTree = "<group>"; };
		0C6F81F81F52BFB0003D428F /* 6.wav */ = {isa = PBXFileReference; lastKnownFileType = audio.wav; path = 6.wav; sourceTree = "<group>"; };
		0C6F81F91F52BFB0003D428F /* 7.wav */ = {isa = PBXFileReference; lastKnownFileType = audio.wav; path = 7.wav; sourceTree = "<group>"; };
		0C6F81FA1F52BFB0003D428F /* 8.wav */ = {isa = PBXFileReference; lastKnownFileType = audio.wav; path = 8.wav; sourceTree = "<group>"; };
		0C6F81FB1F52BFB0003D428F /* 9.wav */ = {isa = PBXFileReference; lastKnownFileType = audio.wav; path = 9.wav; sourceTree = "<group>"; };
		0C6F81FC1F52BFB0003D428F /* A.wav */ = {isa = PBXFileReference; lastKnownFileType = audio.wav; path = A.wav; sourceTree = "<group>"; };
		0C6F81FD1F52BFB0003D428F /* B.wav */ = {isa = PBXFileReference; lastKnownFileType = audio.wav; path = B.wav; sourceTree = "<group>"; };
		0C6F81FE1F52BFB0003D428F /* C.wav */ = {isa = PBXFileReference; lastKnownFileType = audio.wav; path = C.wav; sourceTree = "<group>"; };
		0C6F81FF1F52BFB0003D428F /* D.wav */ = {isa = PBXFileReference; lastKnownFileType = audio.wav; path = D.wav; sourceTree = "<group>"; };
		0C6F82001F52BFB0003D428F /* E.wav */ = {isa = PBXFileReference; lastKnownFileType = audio.wav; path = E.wav; sourceTree = "<group>"; };
		0C6F82011F52BFB0003D428F /* F.wav */ = {isa = PBXFileReference; lastKnownFileType = audio.wav; path = F.wav; sourceTree = "<group>"; };
		0C6F82021F52BFB0003D428F /* G.wav */ = {isa = PBXFileReference; lastKnownFileType = audio.wav; path = G.wav; sourceTree = "<group>"; };
		0C6F82031F52BFB0003D428F /* H.wav */ = {isa = PBXFileReference; lastKnownFileType = audio.wav; path = H.wav; sourceTree = "<group>"; };
		0C6F82041F52BFB0003D428F /* I.wav */ = {isa = PBXFileReference; lastKnownFileType = audio.wav; path = I.wav; sourceTree = "<group>"; };
		0C6F82051F52BFB0003D428F /* J.wav */ = {isa = PBXFileReference; lastKnownFileType = audio.wav; path = J.wav; sourceTree = "<group>"; };
		0C6F82061F52BFB0003D428F /* K.wav */ = {isa = PBXFileReference; lastKnownFileType = audio.wav; path = K.wav; sourceTree = "<group>"; };
		0C6F82071F52BFB0003D428F /* L.wav */ = {isa = PBXFileReference; lastKnownFileType = audio.wav; path = L.wav; sourceTree = "<group>"; };
		0C6F82081F52BFB0003D428F /* M.wav */ = {isa = PBXFileReference; lastKnownFileType = audio.wav; path = M.wav; sourceTree = "<group>"; };
		0C6F82091F52BFB0003D428F /* N.wav */ = {isa = PBXFileReference; lastKnownFileType = audio.wav; path = N.wav; sourceTree = "<group>"; };
		0C6F820A1F52BFB0003D428F /* O.wav */ = {isa = PBXFileReference; lastKnownFileType = audio.wav; path = O.wav; sourceTree = "<group>"; };
		0C6F820B1F52BFB0003D428F /* P.wav */ = {isa = PBXFileReference; lastKnownFileType = audio.wav; path = P.wav; sourceTree = "<group>"; };
		0C6F820C1F52BFB0003D428F /* Q.wav */ = {isa = PBXFileReference; lastKnownFileType = audio.wav; path = Q.wav; sourceTree = "<group>"; };
		0C6F820D1F52BFB0003D428F /* R.wav */ = {isa = PBXFileReference; lastKnownFileType = audio.wav; path = R.wav; sourceTree = "<group>"; };
		0C6F820E1F52BFB0003D428F /* S.wav */ = {isa = PBXFileReference; lastKnownFileType = audio.wav; path = S.wav; sourceTree = "<group>"; };
		0C6F820F1F52BFB0003D428F /* T.wav */ = {isa = PBXFileReference; lastKnownFileType = audio.wav; path = T.wav; sourceTree = "<group>"; };
		0C6F82101F52BFB0003D428F /* U.wav */ = {isa = PBXFileReference; lastKnownFileType = audio.wav; path = U.wav; sourceTree = "<group>"; };
		0C6F82111F52BFB0003D428F /* V.wav */ = {isa = PBXFileReference; lastKnownFileType = audio.wav; path = V.wav; sourceTree = "<group>"; };
		0C6F82121F52BFB0003D428F /* W.wav */ = {isa = PBXFileReference; lastKnownFileType = audio.wav; path = W.wav; sourceTree = "<group>"; };
		0C6F82131F52BFB0003D428F /* X.wav */ = {isa = PBXFileReference; lastKnownFileType = audio.wav; path = X.wav; sourceTree = "<group>"; };
		0C6F82141F52BFB0003D428F /* Y.wav */ = {isa = PBXFileReference; lastKnownFileType = audio.wav; path = Y.wav; sourceTree = "<group>"; };
		0C6F82151F52BFB0003D428F /* Z.wav */ = {isa = PBXFileReference; lastKnownFileType = audio.wav; path = Z.wav; sourceTree = "<group>"; };
		0C6F82171F52BFB0003D428F /* b1.wav */ = {isa = PBXFileReference; lastKnownFileType = audio.wav; path = b1.wav; sourceTree = "<group>"; };
		0C6F82181F52BFB0003D428F /* b10.wav */ = {isa = PBXFileReference; lastKnownFileType = audio.wav; path = b10.wav; sourceTree = "<group>"; };
		0C6F82191F52BFB0003D428F /* b11.wav */ = {isa = PBXFileReference; lastKnownFileType = audio.wav; path = b11.wav; sourceTree = "<group>"; };
		0C6F821A1F52BFB0003D428F /* b12.wav */ = {isa = PBXFileReference; lastKnownFileType = audio.wav; path = b12.wav; sourceTree = "<group>"; };
		0C6F821B1F52BFB0003D428F /* b13.wav */ = {isa = PBXFileReference; lastKnownFileType = audio.wav; path = b13.wav; sourceTree = "<group>"; };
		0C6F821C1F52BFB0003D428F /* b14.wav */ = {isa = PBXFileReference; lastKnownFileType = audio.wav; path = b14.wav; sourceTree = "<group>"; };
		0C6F821D1F52BFB0003D428F /* b15.wav */ = {isa = PBXFileReference; lastKnownFileType = audio.wav; path = b15.wav; sourceTree = "<group>"; };
		0C6F821E1F52BFB0003D428F /* b16.wav */ = {isa = PBXFileReference; lastKnownFileType = audio.wav; path = b16.wav; sourceTree = "<group>"; };
		0C6F821F1F52BFB0003D428F /* b17.wav */ = {isa = PBXFileReference; lastKnownFileType = audio.wav; path = b17.wav; sourceTree = "<group>"; };
		0C6F82201F52BFB0003D428F /* b18.wav */ = {isa = PBXFileReference; lastKnownFileType = audio.wav; path = b18.wav; sourceTree = "<group>"; };
		0C6F82211F52BFB0003D428F /* b19.wav */ = {isa = PBXFileReference; lastKnownFileType = audio.wav; path = b19.wav; sourceTree = "<group>"; };
		0C6F82221F52BFB0003D428F /* b2.wav */ = {isa = PBXFileReference; lastKnownFileType = audio.wav; path = b2.wav; sourceTree = "<group>"; };
		0C6F82231F52BFB0003D428F /* b20.wav */ = {isa = PBXFileReference; lastKnownFileType = audio.wav; path = b20.wav; sourceTree = "<group>"; };
		0C6F82241F52BFB0003D428F /* b21.wav */ = {isa = PBXFileReference; lastKnownFileType = audio.wav; path = b21.wav; sourceTree = "<group>"; };
		0C6F82251F52BFB0003D428F /* b22.wav */ = {isa = PBXFileReference; lastKnownFileType = audio.wav; path = b22.wav; sourceTree = "<group>"; };
		0C6F82261F52BFB0003D428F /* b23.wav */ = {isa = PBXFileReference; lastKnownFileType = audio.wav; path = b23.wav; sourceTree = "<group>"; };
		0C6F82271F52BFB0003D428F /* b24.wav */ = {isa = PBXFileReference; lastKnownFileType = audio.wav; path = b24.wav; sourceTree = "<group>"; };
		0C6F82281F52BFB0003D428F /* b25.wav */ = {isa = PBXFileReference; lastKnownFileType = audio.wav; path = b25.wav; sourceTree = "<group>"; };
		0C6F82291F52BFB0003D428F /* b3.wav */ = {isa = PBXFileReference; lastKnownFileType = audio.wav; path = b3.wav; sourceTree = "<group>"; };
		0C6F822A1F52BFB0003D428F /* b4.wav */ = {isa = PBXFileReference; lastKnownFileType = audio.wav; path = b4.wav; sourceTree = "<group>"; };
		0C6F822B1F52BFB0003D428F /* b5.wav */ = {isa = PBXFileReference; lastKnownFileType = audio.wav; path = b5.wav; sourceTree = "<group>"; };
		0C6F822C1F52BFB0003D428F /* b6.wav */ = {isa = PBXFileReference; lastKnownFileType = audio.wav; path = b6.wav; sourceTree = "<group>"; };
		0C6F822D1F52BFB0003D428F /* b7.wav */ = {isa = PBXFileReference; lastKnownFileType = audio.wav; path = b7.wav; sourceTree = "<group>"; };
		0C6F822E1F52BFB0003D428F /* b8.wav */ = {isa = PBXFileReference; lastKnownFileType = audio.wav; path = b8.wav; sourceTree = "<group>"; };
		0C6F822F1F52BFB0003D428F /* b9.wav */ = {isa = PBXFileReference; lastKnownFileType = audio.wav; path = b9.wav; sourceTree = "<group>"; };
		0C6F82841F52BFB9003D428F /* MFCharacterEventManager.swift */ = {isa = PBXFileReference; fileEncoding = 4; lastKnownFileType = sourcecode.swift; path = MFCharacterEventManager.swift; sourceTree = "<group>"; };
		0C6F82851F52BFB9003D428F /* MFKeyboardEventManager.swift */ = {isa = PBXFileReference; fileEncoding = 4; lastKnownFileType = sourcecode.swift; path = MFKeyboardEventManager.swift; sourceTree = "<group>"; };
		0C6F82891F52BFF9003D428F /* MFOutputEvent.swift */ = {isa = PBXFileReference; fileEncoding = 4; lastKnownFileType = sourcecode.swift; path = MFOutputEvent.swift; sourceTree = "<group>"; };
		0C6F828A1F52BFF9003D428F /* MFOutputManager.swift */ = {isa = PBXFileReference; fileEncoding = 4; lastKnownFileType = sourcecode.swift; path = MFOutputManager.swift; sourceTree = "<group>"; };
		0C6F828B1F52BFF9003D428F /* MFPentatonicOutputEvent.swift */ = {isa = PBXFileReference; fileEncoding = 4; lastKnownFileType = sourcecode.swift; path = MFPentatonicOutputEvent.swift; sourceTree = "<group>"; };
		0C6F828C1F52BFF9003D428F /* MFSoundOutputEvent.swift */ = {isa = PBXFileReference; fileEncoding = 4; lastKnownFileType = sourcecode.swift; path = MFSoundOutputEvent.swift; sourceTree = "<group>"; };
		0C6F828D1F52BFF9003D428F /* MFSoundPlayer.swift */ = {isa = PBXFileReference; fileEncoding = 4; lastKnownFileType = sourcecode.swift; path = MFSoundPlayer.swift; sourceTree = "<group>"; };
		0C6F828E1F52BFF9003D428F /* MFSynthesizer.swift */ = {isa = PBXFileReference; fileEncoding = 4; lastKnownFileType = sourcecode.swift; path = MFSynthesizer.swift; sourceTree = "<group>"; };
		0C6F828F1F52BFF9003D428F /* MFSynthesizerOutputEvent.swift */ = {isa = PBXFileReference; fileEncoding = 4; lastKnownFileType = sourcecode.swift; path = MFSynthesizerOutputEvent.swift; sourceTree = "<group>"; };
		0C6F82901F52BFF9003D428F /* MFXWLBOutputEvent.swift */ = {isa = PBXFileReference; fileEncoding = 4; lastKnownFileType = sourcecode.swift; path = MFXWLBOutputEvent.swift; sourceTree = "<group>"; };
		0C6F829A1F52C091003D428F /* MFConfigManager.swift */ = {isa = PBXFileReference; fileEncoding = 4; lastKnownFileType = sourcecode.swift; path = MFConfigManager.swift; sourceTree = "<group>"; };
		0C6F829D1F52C095003D428F /* command-line.plist */ = {isa = PBXFileReference; fileEncoding = 4; lastKnownFileType = text.plist.xml; path = "command-line.plist"; sourceTree = "<group>"; };
		0C6F829E1F52C095003D428F /* default-config.plist */ = {isa = PBXFileReference; fileEncoding = 4; lastKnownFileType = text.plist.xml; path = "default-config.plist"; sourceTree = "<group>"; };
		0C6F829F1F52C095003D428F /* easter-eggs.plist */ = {isa = PBXFileReference; fileEncoding = 4; lastKnownFileType = text.plist.xml; path = "easter-eggs.plist"; sourceTree = "<group>"; };
		0C6F82A01F52C095003D428F /* git.plist */ = {isa = PBXFileReference; fileEncoding = 4; lastKnownFileType = text.plist.xml; path = git.plist; sourceTree = "<group>"; };
		0C6F82A11F52C095003D428F /* mechanical-keyboard.plist */ = {isa = PBXFileReference; fileEncoding = 4; lastKnownFileType = text.plist.xml; path = "mechanical-keyboard.plist"; sourceTree = "<group>"; };
		0C6F82A21F52C095003D428F /* midi.plist */ = {isa = PBXFileReference; fileEncoding = 4; lastKnownFileType = text.plist.xml; path = midi.plist; sourceTree = "<group>"; };
		0C6F82A31F52C095003D428F /* pentatonic.plist */ = {isa = PBXFileReference; fileEncoding = 4; lastKnownFileType = text.plist.xml; path = pentatonic.plist; sourceTree = "<group>"; };
		0C6F82A41F52C095003D428F /* voice.plist */ = {isa = PBXFileReference; fileEncoding = 4; lastKnownFileType = text.plist.xml; path = voice.plist; sourceTree = "<group>"; };
		0C6F82A51F52C095003D428F /* xwlb.plist */ = {isa = PBXFileReference; fileEncoding = 4; lastKnownFileType = text.plist.xml; path = xwlb.plist; sourceTree = "<group>"; };
		0C6F82B01F52C0A2003D428F /* MFBuffer.swift */ = {isa = PBXFileReference; fileEncoding = 4; lastKnownFileType = sourcecode.swift; path = MFBuffer.swift; sourceTree = "<group>"; };
		0C6F82B31F52C0EC003D428F /* AppDelegate.swift */ = {isa = PBXFileReference; fileEncoding = 4; lastKnownFileType = sourcecode.swift; path = AppDelegate.swift; sourceTree = "<group>"; };
		0C6F82B41F52C0EC003D428F /* MFKeycodeMapping.swift */ = {isa = PBXFileReference; fileEncoding = 4; lastKnownFileType = sourcecode.swift; path = MFKeycodeMapping.swift; sourceTree = "<group>"; };
		0C6F82B61F52C0EC003D428F /* ViewController.swift */ = {isa = PBXFileReference; fileEncoding = 4; lastKnownFileType = sourcecode.swift; path = ViewController.swift; sourceTree = "<group>"; };
		0C6F82BA1F52C10C003D428F /* Sholes-Bridging-Header.h */ = {isa = PBXFileReference; fileEncoding = 4; lastKnownFileType = sourcecode.c.h; path = "Sholes-Bridging-Header.h"; sourceTree = "<group>"; };
		0C6F82BC1F52C119003D428F /* MFRule.swift */ = {isa = PBXFileReference; fileEncoding = 4; lastKnownFileType = sourcecode.swift; path = MFRule.swift; sourceTree = "<group>"; };
		0C6F82BD1F52C119003D428F /* MFRuleItem.swift */ = {isa = PBXFileReference; fileEncoding = 4; lastKnownFileType = sourcecode.swift; path = MFRuleItem.swift; sourceTree = "<group>"; };
		0C6F82C11F52C129003D428F /* MFProcessor.swift */ = {isa = PBXFileReference; fileEncoding = 4; lastKnownFileType = sourcecode.swift; path = MFProcessor.swift; sourceTree = "<group>"; };
		0C6F82C31F52C1B2003D428F /* MFAccessManager.swift */ = {isa = PBXFileReference; fileEncoding = 4; lastKnownFileType = sourcecode.swift; path = MFAccessManager.swift; sourceTree = "<group>"; };
		0C7E881B1F528D6700A80E32 /* MFMenuItem.swift */ = {isa = PBXFileReference; fileEncoding = 4; lastKnownFileType = sourcecode.swift; path = MFMenuItem.swift; sourceTree = "<group>"; };
		626BF1AE1F46B8FE00EDDD05 /* Sholes.app */ = {isa = PBXFileReference; explicitFileType = wrapper.application; includeInIndex = 0; path = Sholes.app; sourceTree = BUILT_PRODUCTS_DIR; };
		626BF1B51F46B8FE00EDDD05 /* Assets.xcassets */ = {isa = PBXFileReference; lastKnownFileType = folder.assetcatalog; path = Assets.xcassets; sourceTree = "<group>"; };
		626BF1B81F46B8FE00EDDD05 /* Base */ = {isa = PBXFileReference; lastKnownFileType = file.storyboard; name = Base; path = Base.lproj/Main.storyboard; sourceTree = "<group>"; };
		626BF1BA1F46B8FE00EDDD05 /* Info.plist */ = {isa = PBXFileReference; lastKnownFileType = text.plist.xml; path = Info.plist; sourceTree = "<group>"; };
/* End PBXFileReference section */

/* Begin PBXFrameworksBuildPhase section */
		626BF1AB1F46B8FE00EDDD05 /* Frameworks */ = {
			isa = PBXFrameworksBuildPhase;
			buildActionMask = 2147483647;
			files = (
			);
			runOnlyForDeploymentPostprocessing = 0;
		};
/* End PBXFrameworksBuildPhase section */

/* Begin PBXGroup section */
		0C6F81931F52BF7D003D428F /* Libraries */ = {
			isa = PBXGroup;
			children = (
				0C6F81941F52BF7D003D428F /* ACAutoMaton */,
				0C6F81A71F52BF7D003D428F /* Finch */,
			);
			path = Libraries;
			sourceTree = "<group>";
		};
		0C6F81941F52BF7D003D428F /* ACAutoMaton */ = {
			isa = PBXGroup;
			children = (
				0C6F81951F52BF7D003D428F /* Aho-Corasick-Swift.h */,
				0C6F81961F52BF7D003D428F /* Extensions */,
				0C6F819A1F52BF7D003D428F /* Info.plist */,
				0C6F819B1F52BF7D003D428F /* Interval */,
				0C6F819F1F52BF7D003D428F /* Trie */,
			);
			path = ACAutoMaton;
			sourceTree = "<group>";
		};
		0C6F81961F52BF7D003D428F /* Extensions */ = {
			isa = PBXGroup;
			children = (
				0C6F81971F52BF7D003D428F /* CharacterExtensions.swift */,
				0C6F81981F52BF7D003D428F /* IntervalArrayExtensions.swift */,
				0C6F81991F52BF7D003D428F /* StringExtensions.swift */,
			);
			path = Extensions;
			sourceTree = "<group>";
		};
		0C6F819B1F52BF7D003D428F /* Interval */ = {
			isa = PBXGroup;
			children = (
				0C6F819C1F52BF7D003D428F /* Interval.swift */,
				0C6F819D1F52BF7D003D428F /* IntervalNode.swift */,
				0C6F819E1F52BF7D003D428F /* IntervalTree.swift */,
			);
			path = Interval;
			sourceTree = "<group>";
		};
		0C6F819F1F52BF7D003D428F /* Trie */ = {
			isa = PBXGroup;
			children = (
				0C6F81A01F52BF7D003D428F /* Emit.swift */,
				0C6F81A11F52BF7D003D428F /* FragmentToken.swift */,
				0C6F81A21F52BF7D003D428F /* MatchToken.swift */,
				0C6F81A31F52BF7D003D428F /* State.swift */,
				0C6F81A41F52BF7D003D428F /* Token.swift */,
				0C6F81A51F52BF7D003D428F /* Trie.swift */,
				0C6F81A61F52BF7D003D428F /* TrieConfig.swift */,
			);
			path = Trie;
			sourceTree = "<group>";
		};
		0C6F81A71F52BF7D003D428F /* Finch */ = {
			isa = PBXGroup;
			children = (
				0C6F81A81F52BF7D003D428F /* FIError.h */,
				0C6F81A91F52BF7D003D428F /* FIError.m */,
				0C6F81AA1F52BF7D003D428F /* FISampleBuffer.h */,
				0C6F81AB1F52BF7D003D428F /* FISampleBuffer.m */,
				0C6F81AD1F52BF7D003D428F /* FISampleDecoder.h */,
				0C6F81AE1F52BF7D003D428F /* FISampleDecoder.m */,
				0C6F81B01F52BF7D003D428F /* FISampleFormat.h */,
				0C6F81B11F52BF7D003D428F /* FISampleFormat.m */,
				0C6F81B21F52BF7D003D428F /* FISound.h */,
				0C6F81B31F52BF7D003D428F /* FISound.m */,
				0C6F81B41F52BF7D003D428F /* FISoundContext.h */,
				0C6F81B51F52BF7D003D428F /* FISoundContext.m */,
				0C6F81B61F52BF7D003D428F /* FISoundDevice.h */,
				0C6F81B71F52BF7D003D428F /* FISoundDevice.m */,
				0C6F81B81F52BF7D003D428F /* FISoundEngine.h */,
				0C6F81B91F52BF7D003D428F /* FISoundEngine.m */,
				0C6F81BA1F52BF7D003D428F /* FISoundSource.h */,
				0C6F81BB1F52BF7D003D428F /* FISoundSource.m */,
			);
			path = Finch;
			sourceTree = "<group>";
		};
		0C6F81D51F52BFB0003D428F /* Sounds */ = {
			isa = PBXGroup;
			children = (
				0C6F81D61F52BFB0003D428F /* Bash */,
				0C6F81D91F52BFB0003D428F /* Git */,
				0C6F81E11F52BFB0003D428F /* Keyboard */,
				0C6F81E41F52BFB0003D428F /* Others */,
				0C6F81E61F52BFB0003D428F /* Pentatonic */,
				0C6F81F11F52BFB0003D428F /* Voice */,
				0C6F82161F52BFB0003D428F /* 新闻联播 */,
			);
			path = Sounds;
			sourceTree = "<group>";
		};
		0C6F81D61F52BFB0003D428F /* Bash */ = {
			isa = PBXGroup;
			children = (
				0C6F81D71F52BFB0003D428F /* vim_wq.wav */,
				0C6F81D81F52BFB0003D428F /* wq.wav */,
			);
			path = Bash;
			sourceTree = "<group>";
		};
		0C6F81D91F52BFB0003D428F /* Git */ = {
			isa = PBXGroup;
			children = (
				0C6F81DA1F52BFB0003D428F /* exit.wav */,
				0C6F81DB1F52BFB0003D428F /* force-push.wav */,
				0C6F81DC1F52BFB0003D428F /* git.wav */,
				0C6F81DD1F52BFB0003D428F /* git_add.wav */,
				0C6F81DE1F52BFB0003D428F /* git_clone.wav */,
				0C6F81DF1F52BFB0003D428F /* git_commit.wav */,
				0C6F81E01F52BFB0003D428F /* git_push.wav */,
			);
			path = Git;
			sourceTree = "<group>";
		};
		0C6F81E11F52BFB0003D428F /* Keyboard */ = {
			isa = PBXGroup;
			children = (
				0C6F81E21F52BFB0003D428F /* keyboard.wav */,
				0C6F81E31F52BFB0003D428F /* keyboard1.wav */,
			);
			path = Keyboard;
			sourceTree = "<group>";
		};
		0C6F81E41F52BFB0003D428F /* Others */ = {
			isa = PBXGroup;
			children = (
				0C6F81E51F52BFB0003D428F /* hello_world.wav */,
			);
			path = Others;
			sourceTree = "<group>";
		};
		0C6F81E61F52BFB0003D428F /* Pentatonic */ = {
			isa = PBXGroup;
			children = (
				0C6F81E71F52BFB0003D428F /* p1.wav */,
				0C6F81E81F52BFB0003D428F /* p10.wav */,
				0C6F81E91F52BFB0003D428F /* p2.wav */,
				0C6F81EA1F52BFB0003D428F /* p3.wav */,
				0C6F81EB1F52BFB0003D428F /* p4.wav */,
				0C6F81EC1F52BFB0003D428F /* p5.wav */,
				0C6F81ED1F52BFB0003D428F /* p6.wav */,
				0C6F81EE1F52BFB0003D428F /* p7.wav */,
				0C6F81EF1F52BFB0003D428F /* p8.wav */,
				0C6F81F01F52BFB0003D428F /* p9.wav */,
			);
			path = Pentatonic;
			sourceTree = "<group>";
		};
		0C6F81F11F52BFB0003D428F /* Voice */ = {
			isa = PBXGroup;
			children = (
				0C6F81F21F52BFB0003D428F /* 0.wav */,
				0C6F81F31F52BFB0003D428F /* 1.wav */,
				0C6F81F41F52BFB0003D428F /* 2.wav */,
				0C6F81F51F52BFB0003D428F /* 3.wav */,
				0C6F81F61F52BFB0003D428F /* 4.wav */,
				0C6F81F71F52BFB0003D428F /* 5.wav */,
				0C6F81F81F52BFB0003D428F /* 6.wav */,
				0C6F81F91F52BFB0003D428F /* 7.wav */,
				0C6F81FA1F52BFB0003D428F /* 8.wav */,
				0C6F81FB1F52BFB0003D428F /* 9.wav */,
				0C6F81FC1F52BFB0003D428F /* A.wav */,
				0C6F81FD1F52BFB0003D428F /* B.wav */,
				0C6F81FE1F52BFB0003D428F /* C.wav */,
				0C6F81FF1F52BFB0003D428F /* D.wav */,
				0C6F82001F52BFB0003D428F /* E.wav */,
				0C6F82011F52BFB0003D428F /* F.wav */,
				0C6F82021F52BFB0003D428F /* G.wav */,
				0C6F82031F52BFB0003D428F /* H.wav */,
				0C6F82041F52BFB0003D428F /* I.wav */,
				0C6F82051F52BFB0003D428F /* J.wav */,
				0C6F82061F52BFB0003D428F /* K.wav */,
				0C6F82071F52BFB0003D428F /* L.wav */,
				0C6F82081F52BFB0003D428F /* M.wav */,
				0C6F82091F52BFB0003D428F /* N.wav */,
				0C6F820A1F52BFB0003D428F /* O.wav */,
				0C6F820B1F52BFB0003D428F /* P.wav */,
				0C6F820C1F52BFB0003D428F /* Q.wav */,
				0C6F820D1F52BFB0003D428F /* R.wav */,
				0C6F820E1F52BFB0003D428F /* S.wav */,
				0C6F820F1F52BFB0003D428F /* T.wav */,
				0C6F82101F52BFB0003D428F /* U.wav */,
				0C6F82111F52BFB0003D428F /* V.wav */,
				0C6F82121F52BFB0003D428F /* W.wav */,
				0C6F82131F52BFB0003D428F /* X.wav */,
				0C6F82141F52BFB0003D428F /* Y.wav */,
				0C6F82151F52BFB0003D428F /* Z.wav */,
			);
			path = Voice;
			sourceTree = "<group>";
		};
		0C6F82161F52BFB0003D428F /* 新闻联播 */ = {
			isa = PBXGroup;
			children = (
				0C6F82171F52BFB0003D428F /* b1.wav */,
				0C6F82181F52BFB0003D428F /* b10.wav */,
				0C6F82191F52BFB0003D428F /* b11.wav */,
				0C6F821A1F52BFB0003D428F /* b12.wav */,
				0C6F821B1F52BFB0003D428F /* b13.wav */,
				0C6F821C1F52BFB0003D428F /* b14.wav */,
				0C6F821D1F52BFB0003D428F /* b15.wav */,
				0C6F821E1F52BFB0003D428F /* b16.wav */,
				0C6F821F1F52BFB0003D428F /* b17.wav */,
				0C6F82201F52BFB0003D428F /* b18.wav */,
				0C6F82211F52BFB0003D428F /* b19.wav */,
				0C6F82221F52BFB0003D428F /* b2.wav */,
				0C6F82231F52BFB0003D428F /* b20.wav */,
				0C6F82241F52BFB0003D428F /* b21.wav */,
				0C6F82251F52BFB0003D428F /* b22.wav */,
				0C6F82261F52BFB0003D428F /* b23.wav */,
				0C6F82271F52BFB0003D428F /* b24.wav */,
				0C6F82281F52BFB0003D428F /* b25.wav */,
				0C6F82291F52BFB0003D428F /* b3.wav */,
				0C6F822A1F52BFB0003D428F /* b4.wav */,
				0C6F822B1F52BFB0003D428F /* b5.wav */,
				0C6F822C1F52BFB0003D428F /* b6.wav */,
				0C6F822D1F52BFB0003D428F /* b7.wav */,
				0C6F822E1F52BFB0003D428F /* b8.wav */,
				0C6F822F1F52BFB0003D428F /* b9.wav */,
			);
			path = "新闻联播";
			sourceTree = "<group>";
		};
		0C6F82831F52BFB9003D428F /* Input Events */ = {
			isa = PBXGroup;
			children = (
				0C6F82841F52BFB9003D428F /* MFCharacterEventManager.swift */,
				0C6F82851F52BFB9003D428F /* MFKeyboardEventManager.swift */,
			);
			path = "Input Events";
			sourceTree = "<group>";
		};
		0C6F82881F52BFF9003D428F /* Output Handlers */ = {
			isa = PBXGroup;
			children = (
				0C6F82891F52BFF9003D428F /* MFOutputEvent.swift */,
				0C6F828A1F52BFF9003D428F /* MFOutputManager.swift */,
				0C6F828B1F52BFF9003D428F /* MFPentatonicOutputEvent.swift */,
				0C6F828C1F52BFF9003D428F /* MFSoundOutputEvent.swift */,
				0C6F828D1F52BFF9003D428F /* MFSoundPlayer.swift */,
				0C6F828E1F52BFF9003D428F /* MFSynthesizer.swift */,
				0C6F828F1F52BFF9003D428F /* MFSynthesizerOutputEvent.swift */,
				0C6F82901F52BFF9003D428F /* MFXWLBOutputEvent.swift */,
			);
			path = "Output Handlers";
			sourceTree = "<group>";
		};
		0C6F82991F52C091003D428F /* Configs */ = {
			isa = PBXGroup;
			children = (
				0C6F829A1F52C091003D428F /* MFConfigManager.swift */,
				0C6F82C31F52C1B2003D428F /* MFAccessManager.swift */,
			);
			path = Configs;
			sourceTree = "<group>";
		};
		0C6F829C1F52C095003D428F /* Themes */ = {
			isa = PBXGroup;
			children = (
				0C6F829D1F52C095003D428F /* command-line.plist */,
				0C6F829E1F52C095003D428F /* default-config.plist */,
				0C6F829F1F52C095003D428F /* easter-eggs.plist */,
				0C6F82A01F52C095003D428F /* git.plist */,
				0C6F82A11F52C095003D428F /* mechanical-keyboard.plist */,
				0C6F82A21F52C095003D428F /* midi.plist */,
				0C6F82A31F52C095003D428F /* pentatonic.plist */,
				0C6F82A41F52C095003D428F /* voice.plist */,
				0C6F82A51F52C095003D428F /* xwlb.plist */,
			);
			path = Themes;
			sourceTree = "<group>";
		};
		0C6F82AF1F52C0A2003D428F /* Input Buffer */ = {
			isa = PBXGroup;
			children = (
				0C6F82B01F52C0A2003D428F /* MFBuffer.swift */,
			);
			path = "Input Buffer";
			sourceTree = "<group>";
		};
		0C6F82B21F52C0EC003D428F /* Misc */ = {
			isa = PBXGroup;
			children = (
				0C6F82B31F52C0EC003D428F /* AppDelegate.swift */,
				0C6F82B41F52C0EC003D428F /* MFKeycodeMapping.swift */,
				0C6F82B61F52C0EC003D428F /* ViewController.swift */,
			);
			path = Misc;
			sourceTree = "<group>";
		};
		0C6F82BB1F52C119003D428F /* Models */ = {
			isa = PBXGroup;
			children = (
				0C6F82BC1F52C119003D428F /* MFRule.swift */,
				0C6F82BD1F52C119003D428F /* MFRuleItem.swift */,
			);
			path = Models;
			sourceTree = "<group>";
		};
		0C6F82C01F52C129003D428F /* Processors */ = {
			isa = PBXGroup;
			children = (
				0C6F82C11F52C129003D428F /* MFProcessor.swift */,
			);
			path = Processors;
			sourceTree = "<group>";
		};
		0C7E881A1F528D5100A80E32 /* Views */ = {
			isa = PBXGroup;
			children = (
				0C7E881B1F528D6700A80E32 /* MFMenuItem.swift */,
			);
			path = Views;
			sourceTree = "<group>";
		};
		626BF1A51F46B8FE00EDDD05 = {
			isa = PBXGroup;
			children = (
				626BF1B01F46B8FE00EDDD05 /* Sholes */,
				626BF1AF1F46B8FE00EDDD05 /* Products */,
			);
			sourceTree = "<group>";
		};
		626BF1AF1F46B8FE00EDDD05 /* Products */ = {
			isa = PBXGroup;
			children = (
				626BF1AE1F46B8FE00EDDD05 /* Sholes.app */,
			);
			name = Products;
			sourceTree = "<group>";
		};
		626BF1B01F46B8FE00EDDD05 /* Sholes */ = {
			isa = PBXGroup;
			children = (
				0C6F82C01F52C129003D428F /* Processors */,
				0C6F82BB1F52C119003D428F /* Models */,
				0C6F82AF1F52C0A2003D428F /* Input Buffer */,
				0C6F829C1F52C095003D428F /* Themes */,
				0C6F82991F52C091003D428F /* Configs */,
				0C6F82881F52BFF9003D428F /* Output Handlers */,
				0C6F82831F52BFB9003D428F /* Input Events */,
				0C6F81D51F52BFB0003D428F /* Sounds */,
				0C6F81931F52BF7D003D428F /* Libraries */,
				0C7E881A1F528D5100A80E32 /* Views */,
				0C6F82B21F52C0EC003D428F /* Misc */,
				BF03E8971F4717C50070D6FD /* Others */,
			);
			path = Sholes;
			sourceTree = "<group>";
		};
		BF03E8971F4717C50070D6FD /* Others */ = {
			isa = PBXGroup;
			children = (
				0C6F82BA1F52C10C003D428F /* Sholes-Bridging-Header.h */,
				626BF1B51F46B8FE00EDDD05 /* Assets.xcassets */,
				626BF1BA1F46B8FE00EDDD05 /* Info.plist */,
				626BF1B71F46B8FE00EDDD05 /* Main.storyboard */,
			);
			name = Others;
			sourceTree = "<group>";
		};
/* End PBXGroup section */

/* Begin PBXNativeTarget section */
		626BF1AD1F46B8FE00EDDD05 /* Sholes */ = {
			isa = PBXNativeTarget;
			buildConfigurationList = 626BF1BD1F46B8FE00EDDD05 /* Build configuration list for PBXNativeTarget "Sholes" */;
			buildPhases = (
				626BF1AA1F46B8FE00EDDD05 /* Sources */,
				626BF1AB1F46B8FE00EDDD05 /* Frameworks */,
				626BF1AC1F46B8FE00EDDD05 /* Resources */,
			);
			buildRules = (
			);
			dependencies = (
			);
			name = Sholes;
			productName = "🌚 🌈🔫🌝";
			productReference = 626BF1AE1F46B8FE00EDDD05 /* Sholes.app */;
			productType = "com.apple.product-type.application";
		};
/* End PBXNativeTarget section */

/* Begin PBXProject section */
		626BF1A61F46B8FE00EDDD05 /* Project object */ = {
			isa = PBXProject;
			attributes = {
				CLASSPREFIX = MF;
				LastSwiftUpdateCheck = 0830;
				LastUpgradeCheck = 0830;
				ORGANIZATIONNAME = MFRG;
				TargetAttributes = {
					626BF1AD1F46B8FE00EDDD05 = {
						CreatedOnToolsVersion = 8.3.3;
						LastSwiftMigration = 0830;
						ProvisioningStyle = Automatic;
					};
				};
			};
			buildConfigurationList = 626BF1A91F46B8FE00EDDD05 /* Build configuration list for PBXProject "Sholes" */;
			compatibilityVersion = "Xcode 3.2";
			developmentRegion = English;
			hasScannedForEncodings = 0;
			knownRegions = (
				en,
				Base,
			);
			mainGroup = 626BF1A51F46B8FE00EDDD05;
			productRefGroup = 626BF1AF1F46B8FE00EDDD05 /* Products */;
			projectDirPath = "";
			projectRoot = "";
			targets = (
				626BF1AD1F46B8FE00EDDD05 /* Sholes */,
			);
		};
/* End PBXProject section */

/* Begin PBXResourcesBuildPhase section */
		626BF1AC1F46B8FE00EDDD05 /* Resources */ = {
			isa = PBXResourcesBuildPhase;
			buildActionMask = 2147483647;
			files = (
				0C6F82661F52BFB0003D428F /* W.wav in Resources */,
				0C6F82821F52BFB0003D428F /* b9.wav in Resources */,
				0C6F82421F52BFB0003D428F /* p6.wav in Resources */,
				0C6F823E1F52BFB0003D428F /* p2.wav in Resources */,
				0C6F82581F52BFB0003D428F /* I.wav in Resources */,
				0C6F82491F52BFB0003D428F /* 3.wav in Resources */,
				0C6F82A71F52C095003D428F /* default-config.plist in Resources */,
				0C6F827E1F52BFB0003D428F /* b5.wav in Resources */,
				0C6F82391F52BFB0003D428F /* keyboard.wav in Resources */,
				0C6F82451F52BFB0003D428F /* p9.wav in Resources */,
				0C6F82611F52BFB0003D428F /* R.wav in Resources */,
				0C6F82601F52BFB0003D428F /* Q.wav in Resources */,
				0C6F82321F52BFB0003D428F /* exit.wav in Resources */,
				0C6F82771F52BFB0003D428F /* b21.wav in Resources */,
				0C6F82AA1F52C095003D428F /* mechanical-keyboard.plist in Resources */,
				0C6F82731F52BFB0003D428F /* b18.wav in Resources */,
				0C6F82541F52BFB0003D428F /* E.wav in Resources */,
				0C6F82511F52BFB0003D428F /* B.wav in Resources */,
				0C6F82311F52BFB0003D428F /* wq.wav in Resources */,
				0C6F81BF1F52BF7D003D428F /* Info.plist in Resources */,
				0C6F826D1F52BFB0003D428F /* b12.wav in Resources */,
				0C6F825B1F52BFB0003D428F /* L.wav in Resources */,
				0C6F82631F52BFB0003D428F /* T.wav in Resources */,
				0C6F82761F52BFB0003D428F /* b20.wav in Resources */,
				0C6F82441F52BFB0003D428F /* p8.wav in Resources */,
				0C6F823F1F52BFB0003D428F /* p3.wav in Resources */,
				0C6F826B1F52BFB0003D428F /* b10.wav in Resources */,
				0C6F82561F52BFB0003D428F /* G.wav in Resources */,
				0C6F82811F52BFB0003D428F /* b8.wav in Resources */,
				0C6F82641F52BFB0003D428F /* U.wav in Resources */,
				0C6F82381F52BFB0003D428F /* git_push.wav in Resources */,
				0C6F82671F52BFB0003D428F /* X.wav in Resources */,
				0C6F82711F52BFB0003D428F /* b16.wav in Resources */,
				0C6F824E1F52BFB0003D428F /* 8.wav in Resources */,
				0C6F827B1F52BFB0003D428F /* b25.wav in Resources */,
				0C6F826E1F52BFB0003D428F /* b13.wav in Resources */,
				0C6F824C1F52BFB0003D428F /* 6.wav in Resources */,
				0C6F82701F52BFB0003D428F /* b15.wav in Resources */,
				0C6F82AE1F52C095003D428F /* xwlb.plist in Resources */,
				0C6F82A91F52C095003D428F /* git.plist in Resources */,
				0C6F825E1F52BFB0003D428F /* O.wav in Resources */,
				0C6F825C1F52BFB0003D428F /* M.wav in Resources */,
				0C6F82621F52BFB0003D428F /* S.wav in Resources */,
				0C6F823B1F52BFB0003D428F /* hello_world.wav in Resources */,
				0C6F82471F52BFB0003D428F /* 1.wav in Resources */,
				0C6F825F1F52BFB0003D428F /* P.wav in Resources */,
				0C6F824F1F52BFB0003D428F /* 9.wav in Resources */,
				0C6F827A1F52BFB0003D428F /* b24.wav in Resources */,
				0C6F823D1F52BFB0003D428F /* p10.wav in Resources */,
				0C6F82AC1F52C095003D428F /* pentatonic.plist in Resources */,
				0C6F82AD1F52C095003D428F /* voice.plist in Resources */,
				0C6F82591F52BFB0003D428F /* J.wav in Resources */,
				0C6F82571F52BFB0003D428F /* H.wav in Resources */,
				0C6F827D1F52BFB0003D428F /* b4.wav in Resources */,
				0C6F82791F52BFB0003D428F /* b23.wav in Resources */,
				0C6F82751F52BFB0003D428F /* b2.wav in Resources */,
				0C6F82521F52BFB0003D428F /* C.wav in Resources */,
				0C6F82341F52BFB0003D428F /* git.wav in Resources */,
				0C6F82501F52BFB0003D428F /* A.wav in Resources */,
				0C6F82741F52BFB0003D428F /* b19.wav in Resources */,
				0C6F82461F52BFB0003D428F /* 0.wav in Resources */,
				0C6F823C1F52BFB0003D428F /* p1.wav in Resources */,
				0C6F82651F52BFB0003D428F /* V.wav in Resources */,
				0C6F826A1F52BFB0003D428F /* b1.wav in Resources */,
				0C6F82721F52BFB0003D428F /* b17.wav in Resources */,
				0C6F82A81F52C095003D428F /* easter-eggs.plist in Resources */,
				0C6F82691F52BFB0003D428F /* Z.wav in Resources */,
				0C6F82361F52BFB0003D428F /* git_clone.wav in Resources */,
				0C6F827F1F52BFB0003D428F /* b6.wav in Resources */,
				0C6F824B1F52BFB0003D428F /* 5.wav in Resources */,
				0C6F82801F52BFB0003D428F /* b7.wav in Resources */,
				0C6F82331F52BFB0003D428F /* force-push.wav in Resources */,
				0C6F82531F52BFB0003D428F /* D.wav in Resources */,
				0C6F82371F52BFB0003D428F /* git_commit.wav in Resources */,
				0C6F826F1F52BFB0003D428F /* b14.wav in Resources */,
				0C6F82551F52BFB0003D428F /* F.wav in Resources */,
				626BF1B61F46B8FE00EDDD05 /* Assets.xcassets in Resources */,
				0C6F825A1F52BFB0003D428F /* K.wav in Resources */,
				0C6F82AB1F52C095003D428F /* midi.plist in Resources */,
				0C6F82781F52BFB0003D428F /* b22.wav in Resources */,
				0C6F82481F52BFB0003D428F /* 2.wav in Resources */,
				0C6F82401F52BFB0003D428F /* p4.wav in Resources */,
				0C6F82301F52BFB0003D428F /* vim_wq.wav in Resources */,
				0C6F82681F52BFB0003D428F /* Y.wav in Resources */,
				0C6F82351F52BFB0003D428F /* git_add.wav in Resources */,
				0C6F826C1F52BFB0003D428F /* b11.wav in Resources */,
				0C6F827C1F52BFB0003D428F /* b3.wav in Resources */,
				0C6F823A1F52BFB0003D428F /* keyboard1.wav in Resources */,
				0C6F824A1F52BFB0003D428F /* 4.wav in Resources */,
				0C6F825D1F52BFB0003D428F /* N.wav in Resources */,
				0C6F82A61F52C095003D428F /* command-line.plist in Resources */,
				0C6F82431F52BFB0003D428F /* p7.wav in Resources */,
				0C6F824D1F52BFB0003D428F /* 7.wav in Resources */,
				0C6F82411F52BFB0003D428F /* p5.wav in Resources */,
				626BF1B91F46B8FE00EDDD05 /* Main.storyboard in Resources */,
			);
			runOnlyForDeploymentPostprocessing = 0;
		};
/* End PBXResourcesBuildPhase section */

/* Begin PBXSourcesBuildPhase section */
		626BF1AA1F46B8FE00EDDD05 /* Sources */ = {
			isa = PBXSourcesBuildPhase;
			buildActionMask = 2147483647;
			files = (
				0C6F81BC1F52BF7D003D428F /* CharacterExtensions.swift in Sources */,
				0C6F82971F52BFF9003D428F /* MFSynthesizerOutputEvent.swift in Sources */,
				0C6F81CF1F52BF7D003D428F /* FISampleFormat.m in Sources */,
				0C6F82861F52BFB9003D428F /* MFCharacterEventManager.swift in Sources */,
				0C6F81D21F52BF7D003D428F /* FISoundDevice.m in Sources */,
				0C6F81CA1F52BF7D003D428F /* FIError.m in Sources */,
				0C6F82951F52BFF9003D428F /* MFSoundPlayer.swift in Sources */,
				0C6F81BE1F52BF7D003D428F /* StringExtensions.swift in Sources */,
				0C6F81C41F52BF7D003D428F /* FragmentToken.swift in Sources */,
				0C6F82C21F52C129003D428F /* MFProcessor.swift in Sources */,
				0C6F81C11F52BF7D003D428F /* IntervalNode.swift in Sources */,
				0C6F82981F52BFFA003D428F /* MFXWLBOutputEvent.swift in Sources */,
				0C6F82871F52BFB9003D428F /* MFKeyboardEventManager.swift in Sources */,
				0C6F82B71F52C0EC003D428F /* AppDelegate.swift in Sources */,
				0C6F82BF1F52C119003D428F /* MFRuleItem.swift in Sources */,
				0C6F82B11F52C0A2003D428F /* MFBuffer.swift in Sources */,
				0C6F81CD1F52BF7D003D428F /* FISampleDecoder.m in Sources */,
				0C6F81BD1F52BF7D003D428F /* IntervalArrayExtensions.swift in Sources */,
				0C6F82921F52BFF9003D428F /* MFOutputManager.swift in Sources */,
				0C6F829B1F52C091003D428F /* MFConfigManager.swift in Sources */,
				0C6F81C31F52BF7D003D428F /* Emit.swift in Sources */,
				0C6F81C21F52BF7D003D428F /* IntervalTree.swift in Sources */,
				0C6F82BE1F52C119003D428F /* MFRule.swift in Sources */,
				0C6F82B91F52C0EC003D428F /* ViewController.swift in Sources */,
				0C6F81CB1F52BF7D003D428F /* FISampleBuffer.m in Sources */,
				0C6F81C51F52BF7D003D428F /* MatchToken.swift in Sources */,
				0C6F82961F52BFF9003D428F /* MFSynthesizer.swift in Sources */,
				0C6F82B81F52C0EC003D428F /* MFKeycodeMapping.swift in Sources */,
				0C6F81C91F52BF7D003D428F /* TrieConfig.swift in Sources */,
				0C6F81C71F52BF7D003D428F /* Token.swift in Sources */,
				0C6F82931F52BFF9003D428F /* MFPentatonicOutputEvent.swift in Sources */,
				0C6F82911F52BFF9003D428F /* MFOutputEvent.swift in Sources */,
				0C6F82C41F52C1B2003D428F /* MFAccessManager.swift in Sources */,
				0C6F81D11F52BF7D003D428F /* FISoundContext.m in Sources */,
				0C6F81D41F52BF7D003D428F /* FISoundSource.m in Sources */,
				0C6F81D31F52BF7D003D428F /* FISoundEngine.m in Sources */,
				0C6F81D01F52BF7D003D428F /* FISound.m in Sources */,
				0C7E881C1F528D6700A80E32 /* MFMenuItem.swift in Sources */,
				0C6F81C81F52BF7D003D428F /* Trie.swift in Sources */,
				0C6F81C01F52BF7D003D428F /* Interval.swift in Sources */,
				0C6F81C61F52BF7D003D428F /* State.swift in Sources */,
				0C6F82941F52BFF9003D428F /* MFSoundOutputEvent.swift in Sources */,
			);
			runOnlyForDeploymentPostprocessing = 0;
		};
/* End PBXSourcesBuildPhase section */

/* Begin PBXVariantGroup section */
		626BF1B71F46B8FE00EDDD05 /* Main.storyboard */ = {
			isa = PBXVariantGroup;
			children = (
				626BF1B81F46B8FE00EDDD05 /* Base */,
			);
			name = Main.storyboard;
			sourceTree = "<group>";
		};
/* End PBXVariantGroup section */

/* Begin XCBuildConfiguration section */
		626BF1BB1F46B8FE00EDDD05 /* Debug */ = {
			isa = XCBuildConfiguration;
			buildSettings = {
				ALWAYS_SEARCH_USER_PATHS = NO;
				CLANG_ANALYZER_NONNULL = YES;
				CLANG_ANALYZER_NUMBER_OBJECT_CONVERSION = YES_AGGRESSIVE;
				CLANG_CXX_LANGUAGE_STANDARD = "gnu++0x";
				CLANG_CXX_LIBRARY = "libc++";
				CLANG_ENABLE_MODULES = YES;
				CLANG_ENABLE_OBJC_ARC = YES;
				CLANG_WARN_BOOL_CONVERSION = YES;
				CLANG_WARN_CONSTANT_CONVERSION = YES;
				CLANG_WARN_DIRECT_OBJC_ISA_USAGE = YES_ERROR;
				CLANG_WARN_DOCUMENTATION_COMMENTS = YES;
				CLANG_WARN_EMPTY_BODY = YES;
				CLANG_WARN_ENUM_CONVERSION = YES;
				CLANG_WARN_INFINITE_RECURSION = YES;
				CLANG_WARN_INT_CONVERSION = YES;
				CLANG_WARN_OBJC_ROOT_CLASS = YES_ERROR;
				CLANG_WARN_SUSPICIOUS_MOVE = YES;
				CLANG_WARN_UNREACHABLE_CODE = YES;
				CLANG_WARN__DUPLICATE_METHOD_MATCH = YES;
				CODE_SIGN_IDENTITY = "-";
				COPY_PHASE_STRIP = NO;
				DEBUG_INFORMATION_FORMAT = dwarf;
				ENABLE_STRICT_OBJC_MSGSEND = YES;
				ENABLE_TESTABILITY = YES;
				GCC_C_LANGUAGE_STANDARD = gnu99;
				GCC_DYNAMIC_NO_PIC = NO;
				GCC_NO_COMMON_BLOCKS = YES;
				GCC_OPTIMIZATION_LEVEL = 0;
				GCC_PREPROCESSOR_DEFINITIONS = (
					"DEBUG=1",
					"$(inherited)",
				);
				GCC_WARN_64_TO_32_BIT_CONVERSION = YES;
				GCC_WARN_ABOUT_RETURN_TYPE = YES_ERROR;
				GCC_WARN_UNDECLARED_SELECTOR = YES;
				GCC_WARN_UNINITIALIZED_AUTOS = YES_AGGRESSIVE;
				GCC_WARN_UNUSED_FUNCTION = YES;
				GCC_WARN_UNUSED_VARIABLE = YES;
				MACOSX_DEPLOYMENT_TARGET = 10.12;
				MTL_ENABLE_DEBUG_INFO = YES;
				ONLY_ACTIVE_ARCH = YES;
				SDKROOT = macosx;
				SWIFT_ACTIVE_COMPILATION_CONDITIONS = DEBUG;
				SWIFT_OPTIMIZATION_LEVEL = "-Onone";
			};
			name = Debug;
		};
		626BF1BC1F46B8FE00EDDD05 /* Release */ = {
			isa = XCBuildConfiguration;
			buildSettings = {
				ALWAYS_SEARCH_USER_PATHS = NO;
				CLANG_ANALYZER_NONNULL = YES;
				CLANG_ANALYZER_NUMBER_OBJECT_CONVERSION = YES_AGGRESSIVE;
				CLANG_CXX_LANGUAGE_STANDARD = "gnu++0x";
				CLANG_CXX_LIBRARY = "libc++";
				CLANG_ENABLE_MODULES = YES;
				CLANG_ENABLE_OBJC_ARC = YES;
				CLANG_WARN_BOOL_CONVERSION = YES;
				CLANG_WARN_CONSTANT_CONVERSION = YES;
				CLANG_WARN_DIRECT_OBJC_ISA_USAGE = YES_ERROR;
				CLANG_WARN_DOCUMENTATION_COMMENTS = YES;
				CLANG_WARN_EMPTY_BODY = YES;
				CLANG_WARN_ENUM_CONVERSION = YES;
				CLANG_WARN_INFINITE_RECURSION = YES;
				CLANG_WARN_INT_CONVERSION = YES;
				CLANG_WARN_OBJC_ROOT_CLASS = YES_ERROR;
				CLANG_WARN_SUSPICIOUS_MOVE = YES;
				CLANG_WARN_UNREACHABLE_CODE = YES;
				CLANG_WARN__DUPLICATE_METHOD_MATCH = YES;
				CODE_SIGN_IDENTITY = "-";
				COPY_PHASE_STRIP = NO;
				DEBUG_INFORMATION_FORMAT = "dwarf-with-dsym";
				ENABLE_NS_ASSERTIONS = NO;
				ENABLE_STRICT_OBJC_MSGSEND = YES;
				GCC_C_LANGUAGE_STANDARD = gnu99;
				GCC_NO_COMMON_BLOCKS = YES;
				GCC_WARN_64_TO_32_BIT_CONVERSION = YES;
				GCC_WARN_ABOUT_RETURN_TYPE = YES_ERROR;
				GCC_WARN_UNDECLARED_SELECTOR = YES;
				GCC_WARN_UNINITIALIZED_AUTOS = YES_AGGRESSIVE;
				GCC_WARN_UNUSED_FUNCTION = YES;
				GCC_WARN_UNUSED_VARIABLE = YES;
				MACOSX_DEPLOYMENT_TARGET = 10.12;
				MTL_ENABLE_DEBUG_INFO = NO;
				SDKROOT = macosx;
				SWIFT_OPTIMIZATION_LEVEL = "-Owholemodule";
			};
			name = Release;
		};
		626BF1BE1F46B8FE00EDDD05 /* Debug */ = {
			isa = XCBuildConfiguration;
			buildSettings = {
				ASSETCATALOG_COMPILER_APPICON_NAME = AppIcon;
				CLANG_ENABLE_MODULES = YES;
				COMBINE_HIDPI_IMAGES = YES;
				INFOPLIST_FILE = Sholes/Info.plist;
				LD_RUNPATH_SEARCH_PATHS = "$(inherited) @executable_path/../Frameworks";
				PRODUCT_BUNDLE_IDENTIFIER = com.mfrg.sholes;
				PRODUCT_NAME = "$(TARGET_NAME)";
				SWIFT_OBJC_BRIDGING_HEADER = "Sholes/Sholes-Bridging-Header.h";
				SWIFT_OPTIMIZATION_LEVEL = "-Onone";
				SWIFT_VERSION = 3.0;
			};
			name = Debug;
		};
		626BF1BF1F46B8FE00EDDD05 /* Release */ = {
			isa = XCBuildConfiguration;
			buildSettings = {
				ASSETCATALOG_COMPILER_APPICON_NAME = AppIcon;
				CLANG_ENABLE_MODULES = YES;
				COMBINE_HIDPI_IMAGES = YES;
				INFOPLIST_FILE = Sholes/Info.plist;
				LD_RUNPATH_SEARCH_PATHS = "$(inherited) @executable_path/../Frameworks";
				PRODUCT_BUNDLE_IDENTIFIER = com.mfrg.sholes;
				PRODUCT_NAME = "$(TARGET_NAME)";
				SWIFT_OBJC_BRIDGING_HEADER = "Sholes/Sholes-Bridging-Header.h";
				SWIFT_VERSION = 3.0;
			};
			name = Release;
		};
/* End XCBuildConfiguration section */

/* Begin XCConfigurationList section */
		626BF1A91F46B8FE00EDDD05 /* Build configuration list for PBXProject "Sholes" */ = {
			isa = XCConfigurationList;
			buildConfigurations = (
				626BF1BB1F46B8FE00EDDD05 /* Debug */,
				626BF1BC1F46B8FE00EDDD05 /* Release */,
			);
			defaultConfigurationIsVisible = 0;
			defaultConfigurationName = Release;
		};
		626BF1BD1F46B8FE00EDDD05 /* Build configuration list for PBXNativeTarget "Sholes" */ = {
			isa = XCConfigurationList;
			buildConfigurations = (
				626BF1BE1F46B8FE00EDDD05 /* Debug */,
				626BF1BF1F46B8FE00EDDD05 /* Release */,
			);
			defaultConfigurationIsVisible = 0;
			defaultConfigurationName = Release;
		};
/* End XCConfigurationList section */
	};
	rootObject = 626BF1A61F46B8FE00EDDD05 /* Project object */;
}
